
Microsoft Visual Studio Solution File, Format Version 12.00
# Visual Studio Version 16
VisualStudioVersion = 16.0.31911.196
MinimumVisualStudioVersion = 10.0.40219.1
Project("{FAE04EC0-301F-11D3-BF4B-00C04F79EFBC}") = "getster_attendance_app", "getster_attendance_app.csproj", "{5ED5CDF6-5BE3-4F79-A6C5-2986F0A13C72}"
EndProject
Global
	GlobalSection(SolutionConfigurationPlatforms) = preSolution
		Debug|Any CPU = Debug|Any CPU
		Release|Any CPU = Release|Any CPU
	EndGlobalSection
	GlobalSection(ProjectConfigurationPlatforms) = postSolution
		{5ED5CDF6-5BE3-4F79-A6C5-2986F0A13C72}.Debug|Any CPU.ActiveCfg = Debug|Any CPU
		{5ED5CDF6-5BE3-4F79-A6C5-2986F0A13C72}.Debug|Any CPU.Build.0 = Debug|Any CPU
		{5ED5CDF6-5BE3-4F79-A6C5-2986F0A13C72}.Release|Any CPU.ActiveCfg = Release|Any CPU
		{5ED5CDF6-5BE3-4F79-A6C5-2986F0A13C72}.Release|Any CPU.Build.0 = Release|Any CPU
	EndGlobalSection
	GlobalSection(SolutionProperties) = preSolution
		HideSolutionNode = FALSE
	EndGlobalSection
	GlobalSection(ExtensibilityGlobals) = postSolution
		SolutionGuid = {336E1E06-2217-4B08-B79A-A097B73A76A5}
	EndGlobalSection
EndGlobal
